
Microsoft Visual Studio Solution File, Format Version 12.00
# Visual Studio Version 16
VisualStudioVersion = 16.0.31410.357
MinimumVisualStudioVersion = 10.0.40219.1
Project("{9A19103F-16F7-4668-BE54-9A1E7A4F7556}") = "RedisCRUD", "RedisCRUD\RedisCRUD.csproj", "{08DA9DC6-F251-4D70-8635-CE0AC1D1AEC8}"
EndProject
Global
	GlobalSection(SolutionConfigurationPlatforms) = preSolution
		Debug|Any CPU = Debug|Any CPU
		Release|Any CPU = Release|Any CPU
	EndGlobalSection
	GlobalSection(ProjectConfigurationPlatforms) = postSolution
		{08DA9DC6-F251-4D70-8635-CE0AC1D1AEC8}.Debug|Any CPU.ActiveCfg = Debug|Any CPU
		{08DA9DC6-F251-4D70-8635-CE0AC1D1AEC8}.Debug|Any CPU.Build.0 = Debug|Any CPU
		{08DA9DC6-F251-4D70-8635-CE0AC1D1AEC8}.Release|Any CPU.ActiveCfg = Release|Any CPU
		{08DA9DC6-F251-4D70-8635-CE0AC1D1AEC8}.Release|Any CPU.Build.0 = Release|Any CPU
	EndGlobalSection
	GlobalSection(SolutionProperties) = preSolution
		HideSolutionNode = FALSE
	EndGlobalSection
	GlobalSection(ExtensibilityGlobals) = postSolution
		SolutionGuid = {42C0F4B4-FAA4-4786-9AF1-08C9D0C52B04}
	EndGlobalSection
EndGlobal
